Microsoft Visual Studio Solution File, Format Version 12.00
# Visual Studio Version 17
VisualStudioVersion = 17.5.33502.453
MinimumVisualStudioVersion = 10.0.40219.1
Project("{2150E333-8FDC-42A3-9474-1A3956D46DE8}") = "stuff", "stuff", "{1ABDD7C1-1F8D-402D-8692-3E4B66962DE0}"
	ProjectSection(SolutionItems) = preProject
		appveyor.yml = appveyor.yml
		CHANGELOG.md = CHANGELOG.md
		CONTRIBUTING.md = CONTRIBUTING.md
		LICENSE.md = LICENSE.md
		README.md = README.md
	EndProjectSection
EndProject
Project("{9A19103F-16F7-4668-BE54-9A1E7A4F7556}") = "Rebus.AutoScaling", "Rebus.AutoScaling\Rebus.AutoScaling.csproj", "{B97A3263-2D73-4F92-A585-CAA08A2D44C8}"
EndProject
Project("{9A19103F-16F7-4668-BE54-9A1E7A4F7556}") = "Rebus.AutoScaling.Tests", "Rebus.AutoScaling.Tests\Rebus.AutoScaling.Tests.csproj", "{EDE53EB2-97AF-44AD-BDF4-58E180004FD6}"
EndProject
Global
	GlobalSection(SolutionConfigurationPlatforms) = preSolution
		Debug|Any CPU = Debug|Any CPU
		Release|Any CPU = Release|Any CPU
	EndGlobalSection
	GlobalSection(ProjectConfigurationPlatforms) = postSolution
		{B97A3263-2D73-4F92-A585-CAA08A2D44C8}.Debug|Any CPU.ActiveCfg = Debug|Any CPU
		{B97A3263-2D73-4F92-A585-CAA08A2D44C8}.Debug|Any CPU.Build.0 = Debug|Any CPU
		{B97A3263-2D73-4F92-A585-CAA08A2D44C8}.Release|Any CPU.ActiveCfg = Release|Any CPU
		{B97A3263-2D73-4F92-A585-CAA08A2D44C8}.Release|Any CPU.Build.0 = Release|Any CPU
		{EDE53EB2-97AF-44AD-BDF4-58E180004FD6}.Debug|Any CPU.ActiveCfg = Debug|Any CPU
		{EDE53EB2-97AF-44AD-BDF4-58E180004FD6}.Debug|Any CPU.Build.0 = Debug|Any CPU
		{EDE53EB2-97AF-44AD-BDF4-58E180004FD6}.Release|Any CPU.ActiveCfg = Release|Any CPU
		{EDE53EB2-97AF-44AD-BDF4-58E180004FD6}.Release|Any CPU.Build.0 = Release|Any CPU
	EndGlobalSection
	GlobalSection(SolutionProperties) = preSolution
		HideSolutionNode = FALSE
	EndGlobalSection
EndGlobal
